
Microsoft Visual Studio Solution File, Format Version 12.00
Project("{FAE04EC0-301F-11D3-BF4B-00C04F79EFBC}") = "Api", "Api\Api.csproj", "{7797B38D-EEE9-494A-96A8-08D2DB409025}"
EndProject
Project("{FAE04EC0-301F-11D3-BF4B-00C04F79EFBC}") = "Dal", "Dal\Dal.csproj", "{D7F82914-862B-4912-9238-DE364002C230}"
EndProject
Project("{FAE04EC0-301F-11D3-BF4B-00C04F79EFBC}") = "Logic", "Logic\Logic.csproj", "{6C927DE1-31F1-43EF-8F58-C5F7BBD20B2C}"
EndProject
Global
	GlobalSection(SolutionConfigurationPlatforms) = preSolution
		Debug|Any CPU = Debug|Any CPU
		Release|Any CPU = Release|Any CPU
	EndGlobalSection
	GlobalSection(ProjectConfigurationPlatforms) = postSolution
		{7797B38D-EEE9-494A-96A8-08D2DB409025}.Debug|Any CPU.ActiveCfg = Debug|Any CPU
		{7797B38D-EEE9-494A-96A8-08D2DB409025}.Debug|Any CPU.Build.0 = Debug|Any CPU
		{7797B38D-EEE9-494A-96A8-08D2DB409025}.Release|Any CPU.ActiveCfg = Release|Any CPU
		{7797B38D-EEE9-494A-96A8-08D2DB409025}.Release|Any CPU.Build.0 = Release|Any CPU
		{D7F82914-862B-4912-9238-DE364002C230}.Debug|Any CPU.ActiveCfg = Debug|Any CPU
		{D7F82914-862B-4912-9238-DE364002C230}.Debug|Any CPU.Build.0 = Debug|Any CPU
		{D7F82914-862B-4912-9238-DE364002C230}.Release|Any CPU.ActiveCfg = Release|Any CPU
		{D7F82914-862B-4912-9238-DE364002C230}.Release|Any CPU.Build.0 = Release|Any CPU
		{6C927DE1-31F1-43EF-8F58-C5F7BBD20B2C}.Debug|Any CPU.ActiveCfg = Debug|Any CPU
		{6C927DE1-31F1-43EF-8F58-C5F7BBD20B2C}.Debug|Any CPU.Build.0 = Debug|Any CPU
		{6C927DE1-31F1-43EF-8F58-C5F7BBD20B2C}.Release|Any CPU.ActiveCfg = Release|Any CPU
		{6C927DE1-31F1-43EF-8F58-C5F7BBD20B2C}.Release|Any CPU.Build.0 = Release|Any CPU
	EndGlobalSection
EndGlobal
